
Microsoft Visual Studio Solution File, Format Version 12.00
# Visual Studio Version 17
VisualStudioVersion = 17.9.34622.214
MinimumVisualStudioVersion = 10.0.40219.1
Project("{FAE04EC0-301F-11D3-BF4B-00C04F79EFBC}") = "WpfProgressSpinner", "WpfProgressSpinner.csproj", "{8944D134-0512-4198-929C-B4A98AB67FDB}"
EndProject
Global
	GlobalSection(SolutionConfigurationPlatforms) = preSolution
		Debug|Any CPU = Debug|Any CPU
		Release|Any CPU = Release|Any CPU
	EndGlobalSection
	GlobalSection(ProjectConfigurationPlatforms) = postSolution
		{8944D134-0512-4198-929C-B4A98AB67FDB}.Debug|Any CPU.ActiveCfg = Debug|Any CPU
		{8944D134-0512-4198-929C-B4A98AB67FDB}.Debug|Any CPU.Build.0 = Debug|Any CPU
		{8944D134-0512-4198-929C-B4A98AB67FDB}.Release|Any CPU.ActiveCfg = Release|Any CPU
		{8944D134-0512-4198-929C-B4A98AB67FDB}.Release|Any CPU.Build.0 = Release|Any CPU
	EndGlobalSection
	GlobalSection(SolutionProperties) = preSolution
		HideSolutionNode = FALSE
	EndGlobalSection
	GlobalSection(ExtensibilityGlobals) = postSolution
		SolutionGuid = {6E31944D-D482-4272-A21B-2FECE452D7DA}
	EndGlobalSection
EndGlobal
